
Microsoft Visual Studio Solution File, Format Version 12.00
# Visual Studio Version 17
VisualStudioVersion = 17.13.35931.197 d17.13
MinimumVisualStudioVersion = 10.0.40219.1
Project("{FAE04EC0-301F-11D3-BF4B-00C04F79EFBC}") = "Znano", "Znano.csproj", "{CBBCC9E2-E7B2-423D-81DB-CBBB3E633596}"
EndProject
Global
	GlobalSection(SolutionConfigurationPlatforms) = preSolution
		Debug|Any CPU = Debug|Any CPU
		Release|Any CPU = Release|Any CPU
	EndGlobalSection
	GlobalSection(ProjectConfigurationPlatforms) = postSolution
		{CBBCC9E2-E7B2-423D-81DB-CBBB3E633596}.Debug|Any CPU.ActiveCfg = Debug|Any CPU
		{CBBCC9E2-E7B2-423D-81DB-CBBB3E633596}.Debug|Any CPU.Build.0 = Debug|Any CPU
		{CBBCC9E2-E7B2-423D-81DB-CBBB3E633596}.Release|Any CPU.ActiveCfg = Release|Any CPU
		{CBBCC9E2-E7B2-423D-81DB-CBBB3E633596}.Release|Any CPU.Build.0 = Release|Any CPU
	EndGlobalSection
	GlobalSection(SolutionProperties) = preSolution
		HideSolutionNode = FALSE
	EndGlobalSection
	GlobalSection(ExtensibilityGlobals) = postSolution
		SolutionGuid = {9C4DE977-91EA-4A74-AEE7-9943750748C5}
	EndGlobalSection
EndGlobal
